
Microsoft Visual Studio Solution File, Format Version 12.00
# Visual Studio 15
Project("{FAE04EC0-301F-11D3-BF4B-00C04F79EFBC}") = "AssetsBundleInspector", "Assembly-CSharp.csproj", "{F82769CF-F5FE-0B9B-4A55-4E039445E2A4}"
EndProject
Project("{FAE04EC0-301F-11D3-BF4B-00C04F79EFBC}") = "AssetsBundleInspector", "Assembly-CSharp-Editor.csproj", "{22C5B93A-1D28-C462-FF40-8980880EA9B0}"
EndProject
Global
	GlobalSection(SolutionConfigurationPlatforms) = preSolution
		Debug|Any CPU = Debug|Any CPU
		Release|Any CPU = Release|Any CPU
	EndGlobalSection
	GlobalSection(ProjectConfigurationPlatforms) = postSolution
		{F82769CF-F5FE-0B9B-4A55-4E039445E2A4}.Debug|Any CPU.ActiveCfg = Debug|Any CPU
		{F82769CF-F5FE-0B9B-4A55-4E039445E2A4}.Debug|Any CPU.Build.0 = Debug|Any CPU
		{F82769CF-F5FE-0B9B-4A55-4E039445E2A4}.Release|Any CPU.ActiveCfg = Release|Any CPU
		{F82769CF-F5FE-0B9B-4A55-4E039445E2A4}.Release|Any CPU.Build.0 = Release|Any CPU
		{22C5B93A-1D28-C462-FF40-8980880EA9B0}.Debug|Any CPU.ActiveCfg = Debug|Any CPU
		{22C5B93A-1D28-C462-FF40-8980880EA9B0}.Debug|Any CPU.Build.0 = Debug|Any CPU
		{22C5B93A-1D28-C462-FF40-8980880EA9B0}.Release|Any CPU.ActiveCfg = Release|Any CPU
		{22C5B93A-1D28-C462-FF40-8980880EA9B0}.Release|Any CPU.Build.0 = Release|Any CPU
	EndGlobalSection
	GlobalSection(SolutionProperties) = preSolution
		HideSolutionNode = FALSE
	EndGlobalSection
EndGlobal
